
Microsoft Visual Studio Solution File, Format Version 12.00
# Visual Studio Version 17
VisualStudioVersion = 17.5.002.0
MinimumVisualStudioVersion = 10.0.40219.1
Project("{9A19103F-16F7-4668-BE54-9A1E7A4F7556}") = "ConcasPay", "ConcasPay.csproj", "{8E4219CF-A6DF-4AE5-834B-DC58C65C36CE}"
EndProject
Global
	GlobalSection(SolutionConfigurationPlatforms) = preSolution
		Debug|Any CPU = Debug|Any CPU
		Release|Any CPU = Release|Any CPU
	EndGlobalSection
	GlobalSection(ProjectConfigurationPlatforms) = postSolution
		{8E4219CF-A6DF-4AE5-834B-DC58C65C36CE}.Debug|Any CPU.ActiveCfg = Debug|Any CPU
		{8E4219CF-A6DF-4AE5-834B-DC58C65C36CE}.Debug|Any CPU.Build.0 = Debug|Any CPU
		{8E4219CF-A6DF-4AE5-834B-DC58C65C36CE}.Release|Any CPU.ActiveCfg = Release|Any CPU
		{8E4219CF-A6DF-4AE5-834B-DC58C65C36CE}.Release|Any CPU.Build.0 = Release|Any CPU
	EndGlobalSection
	GlobalSection(SolutionProperties) = preSolution
		HideSolutionNode = FALSE
	EndGlobalSection
	GlobalSection(ExtensibilityGlobals) = postSolution
		SolutionGuid = {26FC77A7-376B-43E9-BE89-8F2D58FA62C2}
	EndGlobalSection
EndGlobal
